
Microsoft Visual Studio Solution File, Format Version 12.00
# Visual Studio 15
VisualStudioVersion = 15.0.27004.2010
MinimumVisualStudioVersion = 10.0.40219.1
Project("{F2A71F9B-5D33-465A-A702-920D77279786}") = "Dom5Arena", "Dom5Arena\Dom5Arena.fsproj", "{3F22936D-1791-4D74-AD3B-572AA9FDD7F1}"
EndProject
Project("{F2A71F9B-5D33-465A-A702-920D77279786}") = "ArenaLib", "ArenaLib\ArenaLib.fsproj", "{855B4D23-40A8-4ADC-ACC9-1BDAA7D03B78}"
EndProject
Project("{F2A71F9B-5D33-465A-A702-920D77279786}") = "Arena.Test", "Arena.Test\Arena.Test.fsproj", "{C40C886F-B709-462D-9D7D-198B3405061B}"
EndProject
Global
	GlobalSection(SolutionConfigurationPlatforms) = preSolution
		Debug|Any CPU = Debug|Any CPU
		Release|Any CPU = Release|Any CPU
	EndGlobalSection
	GlobalSection(ProjectConfigurationPlatforms) = postSolution
		{3F22936D-1791-4D74-AD3B-572AA9FDD7F1}.Debug|Any CPU.ActiveCfg = Debug|Any CPU
		{3F22936D-1791-4D74-AD3B-572AA9FDD7F1}.Debug|Any CPU.Build.0 = Debug|Any CPU
		{3F22936D-1791-4D74-AD3B-572AA9FDD7F1}.Release|Any CPU.ActiveCfg = Release|Any CPU
		{3F22936D-1791-4D74-AD3B-572AA9FDD7F1}.Release|Any CPU.Build.0 = Release|Any CPU
		{855B4D23-40A8-4ADC-ACC9-1BDAA7D03B78}.Debug|Any CPU.ActiveCfg = Debug|Any CPU
		{855B4D23-40A8-4ADC-ACC9-1BDAA7D03B78}.Debug|Any CPU.Build.0 = Debug|Any CPU
		{855B4D23-40A8-4ADC-ACC9-1BDAA7D03B78}.Release|Any CPU.ActiveCfg = Release|Any CPU
		{855B4D23-40A8-4ADC-ACC9-1BDAA7D03B78}.Release|Any CPU.Build.0 = Release|Any CPU
		{C40C886F-B709-462D-9D7D-198B3405061B}.Debug|Any CPU.ActiveCfg = Debug|Any CPU
		{C40C886F-B709-462D-9D7D-198B3405061B}.Debug|Any CPU.Build.0 = Debug|Any CPU
		{C40C886F-B709-462D-9D7D-198B3405061B}.Release|Any CPU.ActiveCfg = Release|Any CPU
		{C40C886F-B709-462D-9D7D-198B3405061B}.Release|Any CPU.Build.0 = Release|Any CPU
	EndGlobalSection
	GlobalSection(SolutionProperties) = preSolution
		HideSolutionNode = FALSE
	EndGlobalSection
	GlobalSection(ExtensibilityGlobals) = postSolution
		SolutionGuid = {BB477969-8CA1-4E91-82C0-5407E4CCCAE9}
	EndGlobalSection
EndGlobal
